
Microsoft Visual Studio Solution File, Format Version 12.00
# Visual Studio Version 16
VisualStudioVersion = 16.0.30523.141
MinimumVisualStudioVersion = 10.0.40219.1
Project("{FAE04EC0-301F-11D3-BF4B-00C04F79EFBC}") = "ex16", "ex16\ex16.csproj", "{A64216FA-54C1-4187-85C7-02A22DF07FA0}"
EndProject
Global
	GlobalSection(SolutionConfigurationPlatforms) = preSolution
		Debug|Any CPU = Debug|Any CPU
		Release|Any CPU = Release|Any CPU
	EndGlobalSection
	GlobalSection(ProjectConfigurationPlatforms) = postSolution
		{A64216FA-54C1-4187-85C7-02A22DF07FA0}.Debug|Any CPU.ActiveCfg = Debug|Any CPU
		{A64216FA-54C1-4187-85C7-02A22DF07FA0}.Debug|Any CPU.Build.0 = Debug|Any CPU
		{A64216FA-54C1-4187-85C7-02A22DF07FA0}.Release|Any CPU.ActiveCfg = Release|Any CPU
		{A64216FA-54C1-4187-85C7-02A22DF07FA0}.Release|Any CPU.Build.0 = Release|Any CPU
	EndGlobalSection
	GlobalSection(SolutionProperties) = preSolution
		HideSolutionNode = FALSE
	EndGlobalSection
	GlobalSection(ExtensibilityGlobals) = postSolution
		SolutionGuid = {D277F983-D6AC-4BFF-A350-19FE2B6ACC8B}
	EndGlobalSection
EndGlobal
