
Microsoft Visual Studio Solution File, Format Version 12.00
# Visual Studio Version 16
VisualStudioVersion = 16.0.30523.141
MinimumVisualStudioVersion = 10.0.40219.1
Project("{FAE04EC0-301F-11D3-BF4B-00C04F79EFBC}") = "pool3.1", "pool3.1\pool3.1.csproj", "{55DB7B06-1916-4482-8816-1FF4BC32578B}"
EndProject
Global
	GlobalSection(SolutionConfigurationPlatforms) = preSolution
		Debug|Any CPU = Debug|Any CPU
		Release|Any CPU = Release|Any CPU
	EndGlobalSection
	GlobalSection(ProjectConfigurationPlatforms) = postSolution
		{55DB7B06-1916-4482-8816-1FF4BC32578B}.Debug|Any CPU.ActiveCfg = Debug|Any CPU
		{55DB7B06-1916-4482-8816-1FF4BC32578B}.Debug|Any CPU.Build.0 = Debug|Any CPU
		{55DB7B06-1916-4482-8816-1FF4BC32578B}.Release|Any CPU.ActiveCfg = Release|Any CPU
		{55DB7B06-1916-4482-8816-1FF4BC32578B}.Release|Any CPU.Build.0 = Release|Any CPU
	EndGlobalSection
	GlobalSection(SolutionProperties) = preSolution
		HideSolutionNode = FALSE
	EndGlobalSection
	GlobalSection(ExtensibilityGlobals) = postSolution
		SolutionGuid = {BEA0FA94-F8AC-40EC-9C87-0A2FC13839B1}
	EndGlobalSection
EndGlobal
