
Microsoft Visual Studio Solution File, Format Version 12.00
# Visual Studio Version 16
VisualStudioVersion = 16.0.30523.141
MinimumVisualStudioVersion = 10.0.40219.1
Project("{FAE04EC0-301F-11D3-BF4B-00C04F79EFBC}") = "Ex5", "Ex5\Ex5.csproj", "{84907965-0710-4FF3-A3E7-9E84D701F68D}"
EndProject
Global
	GlobalSection(SolutionConfigurationPlatforms) = preSolution
		Debug|Any CPU = Debug|Any CPU
		Release|Any CPU = Release|Any CPU
	EndGlobalSection
	GlobalSection(ProjectConfigurationPlatforms) = postSolution
		{84907965-0710-4FF3-A3E7-9E84D701F68D}.Debug|Any CPU.ActiveCfg = Debug|Any CPU
		{84907965-0710-4FF3-A3E7-9E84D701F68D}.Debug|Any CPU.Build.0 = Debug|Any CPU
		{84907965-0710-4FF3-A3E7-9E84D701F68D}.Release|Any CPU.ActiveCfg = Release|Any CPU
		{84907965-0710-4FF3-A3E7-9E84D701F68D}.Release|Any CPU.Build.0 = Release|Any CPU
	EndGlobalSection
	GlobalSection(SolutionProperties) = preSolution
		HideSolutionNode = FALSE
	EndGlobalSection
	GlobalSection(ExtensibilityGlobals) = postSolution
		SolutionGuid = {802822A1-59BB-4A1A-89EA-9BAE2D23A790}
	EndGlobalSection
EndGlobal
