
Microsoft Visual Studio Solution File, Format Version 12.00
# Visual Studio Version 16
VisualStudioVersion = 16.0.30523.141
MinimumVisualStudioVersion = 10.0.40219.1
Project("{FAE04EC0-301F-11D3-BF4B-00C04F79EFBC}") = "Ex7", "Ex7\Ex7.csproj", "{F226BEB1-55C2-4CAA-A925-64D063BA2661}"
EndProject
Global
	GlobalSection(SolutionConfigurationPlatforms) = preSolution
		Debug|Any CPU = Debug|Any CPU
		Release|Any CPU = Release|Any CPU
	EndGlobalSection
	GlobalSection(ProjectConfigurationPlatforms) = postSolution
		{F226BEB1-55C2-4CAA-A925-64D063BA2661}.Debug|Any CPU.ActiveCfg = Debug|Any CPU
		{F226BEB1-55C2-4CAA-A925-64D063BA2661}.Debug|Any CPU.Build.0 = Debug|Any CPU
		{F226BEB1-55C2-4CAA-A925-64D063BA2661}.Release|Any CPU.ActiveCfg = Release|Any CPU
		{F226BEB1-55C2-4CAA-A925-64D063BA2661}.Release|Any CPU.Build.0 = Release|Any CPU
	EndGlobalSection
	GlobalSection(SolutionProperties) = preSolution
		HideSolutionNode = FALSE
	EndGlobalSection
	GlobalSection(ExtensibilityGlobals) = postSolution
		SolutionGuid = {8EA89AEC-7689-46D5-A959-65D5382B3198}
	EndGlobalSection
EndGlobal
