
Microsoft Visual Studio Solution File, Format Version 12.00
# Visual Studio Version 16
VisualStudioVersion = 16.0.30523.141
MinimumVisualStudioVersion = 10.0.40219.1
Project("{FAE04EC0-301F-11D3-BF4B-00C04F79EFBC}") = "pool3.4", "pool3.4\pool3.4.csproj", "{D492E9EC-D90E-4414-8816-9F48163B6127}"
EndProject
Global
	GlobalSection(SolutionConfigurationPlatforms) = preSolution
		Debug|Any CPU = Debug|Any CPU
		Release|Any CPU = Release|Any CPU
	EndGlobalSection
	GlobalSection(ProjectConfigurationPlatforms) = postSolution
		{D492E9EC-D90E-4414-8816-9F48163B6127}.Debug|Any CPU.ActiveCfg = Debug|Any CPU
		{D492E9EC-D90E-4414-8816-9F48163B6127}.Debug|Any CPU.Build.0 = Debug|Any CPU
		{D492E9EC-D90E-4414-8816-9F48163B6127}.Release|Any CPU.ActiveCfg = Release|Any CPU
		{D492E9EC-D90E-4414-8816-9F48163B6127}.Release|Any CPU.Build.0 = Release|Any CPU
	EndGlobalSection
	GlobalSection(SolutionProperties) = preSolution
		HideSolutionNode = FALSE
	EndGlobalSection
	GlobalSection(ExtensibilityGlobals) = postSolution
		SolutionGuid = {4EDA6BF3-D26E-417C-AAB5-473D534BAE3D}
	EndGlobalSection
EndGlobal
