
Microsoft Visual Studio Solution File, Format Version 12.00
# Visual Studio Version 16
VisualStudioVersion = 16.0.30523.141
MinimumVisualStudioVersion = 10.0.40219.1
Project("{FAE04EC0-301F-11D3-BF4B-00C04F79EFBC}") = "pool2.3", "pool2.3\pool2.3.csproj", "{C80C54FC-260A-48D7-99C0-EF1B59630118}"
EndProject
Global
	GlobalSection(SolutionConfigurationPlatforms) = preSolution
		Debug|Any CPU = Debug|Any CPU
		Release|Any CPU = Release|Any CPU
	EndGlobalSection
	GlobalSection(ProjectConfigurationPlatforms) = postSolution
		{C80C54FC-260A-48D7-99C0-EF1B59630118}.Debug|Any CPU.ActiveCfg = Debug|Any CPU
		{C80C54FC-260A-48D7-99C0-EF1B59630118}.Debug|Any CPU.Build.0 = Debug|Any CPU
		{C80C54FC-260A-48D7-99C0-EF1B59630118}.Release|Any CPU.ActiveCfg = Release|Any CPU
		{C80C54FC-260A-48D7-99C0-EF1B59630118}.Release|Any CPU.Build.0 = Release|Any CPU
	EndGlobalSection
	GlobalSection(SolutionProperties) = preSolution
		HideSolutionNode = FALSE
	EndGlobalSection
	GlobalSection(ExtensibilityGlobals) = postSolution
		SolutionGuid = {6A305D53-CD6D-484D-AA83-09D26D188D22}
	EndGlobalSection
EndGlobal
