
Microsoft Visual Studio Solution File, Format Version 12.00
# Visual Studio Version 16
VisualStudioVersion = 16.0.30523.141
MinimumVisualStudioVersion = 10.0.40219.1
Project("{FAE04EC0-301F-11D3-BF4B-00C04F79EFBC}") = "Ex8", "Ex8\Ex8.csproj", "{2C58E0A0-C066-48A8-840A-9EFBF1BEC37B}"
EndProject
Global
	GlobalSection(SolutionConfigurationPlatforms) = preSolution
		Debug|Any CPU = Debug|Any CPU
		Release|Any CPU = Release|Any CPU
	EndGlobalSection
	GlobalSection(ProjectConfigurationPlatforms) = postSolution
		{2C58E0A0-C066-48A8-840A-9EFBF1BEC37B}.Debug|Any CPU.ActiveCfg = Debug|Any CPU
		{2C58E0A0-C066-48A8-840A-9EFBF1BEC37B}.Debug|Any CPU.Build.0 = Debug|Any CPU
		{2C58E0A0-C066-48A8-840A-9EFBF1BEC37B}.Release|Any CPU.ActiveCfg = Release|Any CPU
		{2C58E0A0-C066-48A8-840A-9EFBF1BEC37B}.Release|Any CPU.Build.0 = Release|Any CPU
	EndGlobalSection
	GlobalSection(SolutionProperties) = preSolution
		HideSolutionNode = FALSE
	EndGlobalSection
	GlobalSection(ExtensibilityGlobals) = postSolution
		SolutionGuid = {401556F2-CC46-41BA-9F8E-BEA05551823C}
	EndGlobalSection
EndGlobal
